
Microsoft Visual Studio Solution File, Format Version 12.00
# Visual Studio 15
VisualStudioVersion = 15.0.28307.102
MinimumVisualStudioVersion = 10.0.40219.1
Project("{FAE04EC0-301F-11D3-BF4B-00C04F79EFBC}") = "AngularLearn", "AngularLearn\AngularLearn.csproj", "{792370B5-D3E9-4EA4-85B8-CBC7C67AE949}"
EndProject
Global
	GlobalSection(SolutionConfigurationPlatforms) = preSolution
		Debug|Any CPU = Debug|Any CPU
		Release|Any CPU = Release|Any CPU
	EndGlobalSection
	GlobalSection(ProjectConfigurationPlatforms) = postSolution
		{792370B5-D3E9-4EA4-85B8-CBC7C67AE949}.Debug|Any CPU.ActiveCfg = Debug|Any CPU
		{792370B5-D3E9-4EA4-85B8-CBC7C67AE949}.Debug|Any CPU.Build.0 = Debug|Any CPU
		{792370B5-D3E9-4EA4-85B8-CBC7C67AE949}.Release|Any CPU.ActiveCfg = Release|Any CPU
		{792370B5-D3E9-4EA4-85B8-CBC7C67AE949}.Release|Any CPU.Build.0 = Release|Any CPU
	EndGlobalSection
	GlobalSection(SolutionProperties) = preSolution
		HideSolutionNode = FALSE
	EndGlobalSection
	GlobalSection(ExtensibilityGlobals) = postSolution
		SolutionGuid = {077B7076-7EF6-4CBA-9E74-E67ADCD17E31}
	EndGlobalSection
EndGlobal
